// !$*UTF8*$!
{
	archiveVersion = 1;
	classes = {
	};
	objectVersion = 46;
	objects = {

/* Begin PBXBuildFile section */
		280FB68F1980D66C00C434A8 /* LCYCommon.m in Sources */ = {isa = PBXBuildFile; fileRef = 280FB68E1980D66800C434A8 /* LCYCommon.m */; };
		280FB6931980E34E00C434A8 /* RegisterAndLogin.storyboard in Resources */ = {isa = PBXBuildFile; fileRef = 280FB6921980E34E00C434A8 /* RegisterAndLogin.storyboard */; };
		2811118C1979183C000A72D7 /* main.m in Sources */ = {isa = PBXBuildFile; fileRef = 2811118B1979183C000A72D7 /* main.m */; };
		2811118F1979183C000A72D7 /* AppDelegate.m in Sources */ = {isa = PBXBuildFile; fileRef = 2811118E1979183C000A72D7 /* AppDelegate.m */; };
		281111921979183C000A72D7 /* YouBaoOC.xcdatamodeld in Sources */ = {isa = PBXBuildFile; fileRef = 281111901979183C000A72D7 /* YouBaoOC.xcdatamodeld */; };
		281111981979183D000A72D7 /* Main.storyboard in Resources */ = {isa = PBXBuildFile; fileRef = 281111961979183D000A72D7 /* Main.storyboard */; };
		2811119A1979183D000A72D7 /* Images.xcassets in Resources */ = {isa = PBXBuildFile; fileRef = 281111991979183D000A72D7 /* Images.xcassets */; };
		281111A61979183D000A72D7 /* YouBaoOCTests.m in Sources */ = {isa = PBXBuildFile; fileRef = 281111A51979183D000A72D7 /* YouBaoOCTests.m */; };
		2832DC631980EFCE004BBAB5 /* RegisterAndLoginViewController.m in Sources */ = {isa = PBXBuildFile; fileRef = 2832DC621980EFCE004BBAB5 /* RegisterAndLoginViewController.m */; };
		2832DC661980F00C004BBAB5 /* WelcomeViewController.m in Sources */ = {isa = PBXBuildFile; fileRef = 2832DC651980F00C004BBAB5 /* WelcomeViewController.m */; };
		83A93C91E0F34B08851EE991 /* libPods.a in Frameworks */ = {isa = PBXBuildFile; fileRef = CEF990BC1DD24D8D89234D90 /* libPods.a */; };
/* End PBXBuildFile section */

/* Begin PBXContainerItemProxy section */
		281111A01979183D000A72D7 /* PBXContainerItemProxy */ = {
			isa = PBXContainerItemProxy;
			containerPortal = 2811117E1979183C000A72D7 /* Project object */;
			proxyType = 1;
			remoteGlobalIDString = 281111851979183C000A72D7;
			remoteInfo = YouBaoOC;
		};
/* End PBXContainerItemProxy section */

/* Begin PBXFileReference section */
		280FB68D1980D66800C434A8 /* LCYCommon.h */ = {isa = PBXFileReference; lastKnownFileType = sourcecode.c.h; path = LCYCommon.h; sourceTree = "<group>"; };
		280FB68E1980D66800C434A8 /* LCYCommon.m */ = {isa = PBXFileReference; lastKnownFileType = sourcecode.c.objc; path = LCYCommon.m; sourceTree = "<group>"; };
		280FB6911980DA7400C434A8 /* YouBaoOC-Prefix.pch */ = {isa = PBXFileReference; lastKnownFileType = sourcecode.c.h; path = "YouBaoOC-Prefix.pch"; sourceTree = "<group>"; };
		280FB6921980E34E00C434A8 /* RegisterAndLogin.storyboard */ = {isa = PBXFileReference; fileEncoding = 4; lastKnownFileType = file.storyboard; path = RegisterAndLogin.storyboard; sourceTree = "<group>"; };
		281111861979183C000A72D7 /* YouBaoOC.app */ = {isa = PBXFileReference; explicitFileType = wrapper.application; includeInIndex = 0; path = YouBaoOC.app; sourceTree = BUILT_PRODUCTS_DIR; };
		2811118A1979183C000A72D7 /* Info.plist */ = {isa = PBXFileReference; lastKnownFileType = text.plist.xml; path = Info.plist; sourceTree = "<group>"; };
		2811118B1979183C000A72D7 /* main.m */ = {isa = PBXFileReference; lastKnownFileType = sourcecode.c.objc; path = main.m; sourceTree = "<group>"; };
		2811118D1979183C000A72D7 /* AppDelegate.h */ = {isa = PBXFileReference; lastKnownFileType = sourcecode.c.h; path = AppDelegate.h; sourceTree = "<group>"; };
		2811118E1979183C000A72D7 /* AppDelegate.m */ = {isa = PBXFileReference; lastKnownFileType = sourcecode.c.objc; path = AppDelegate.m; sourceTree = "<group>"; };
		281111911979183C000A72D7 /* YouBaoOC.xcdatamodel */ = {isa = PBXFileReference; lastKnownFileType = wrapper.xcdatamodel; path = YouBaoOC.xcdatamodel; sourceTree = "<group>"; };
		281111971979183D000A72D7 /* Base */ = {isa = PBXFileReference; lastKnownFileType = file.storyboard; name = Base; path = Base.lproj/Main.storyboard; sourceTree = "<group>"; };
		281111991979183D000A72D7 /* Images.xcassets */ = {isa = PBXFileReference; lastKnownFileType = folder.assetcatalog; path = Images.xcassets; sourceTree = "<group>"; };
		2811119F1979183D000A72D7 /* YouBaoOCTests.xctest */ = {isa = PBXFileReference; explicitFileType = wrapper.cfbundle; includeInIndex = 0; path = YouBaoOCTests.xctest; sourceTree = BUILT_PRODUCTS_DIR; };
		281111A41979183D000A72D7 /* Info.plist */ = {isa = PBXFileReference; lastKnownFileType = text.plist.xml; path = Info.plist; sourceTree = "<group>"; };
		281111A51979183D000A72D7 /* YouBaoOCTests.m */ = {isa = PBXFileReference; lastKnownFileType = sourcecode.c.objc; path = YouBaoOCTests.m; sourceTree = "<group>"; };
		2832DC611980EFCE004BBAB5 /* RegisterAndLoginViewController.h */ = {isa = PBXFileReference; fileEncoding = 4; lastKnownFileType = sourcecode.c.h; path = RegisterAndLoginViewController.h; sourceTree = "<group>"; };
		2832DC621980EFCE004BBAB5 /* RegisterAndLoginViewController.m */ = {isa = PBXFileReference; fileEncoding = 4; lastKnownFileType = sourcecode.c.objc; path = RegisterAndLoginViewController.m; sourceTree = "<group>"; };
		2832DC641980F00C004BBAB5 /* WelcomeViewController.h */ = {isa = PBXFileReference; fileEncoding = 4; lastKnownFileType = sourcecode.c.h; path = WelcomeViewController.h; sourceTree = "<group>"; };
		2832DC651980F00C004BBAB5 /* WelcomeViewController.m */ = {isa = PBXFileReference; fileEncoding = 4; lastKnownFileType = sourcecode.c.objc; path = WelcomeViewController.m; sourceTree = "<group>"; };
		75673EC2383043228793768F /* Pods.xcconfig */ = {isa = PBXFileReference; includeInIndex = 1; lastKnownFileType = text.xcconfig; name = Pods.xcconfig; path = Pods/Pods.xcconfig; sourceTree = "<group>"; };
		CEF990BC1DD24D8D89234D90 /* libPods.a */ = {isa = PBXFileReference; explicitFileType = archive.ar; includeInIndex = 0; path = libPods.a; sourceTree = BUILT_PRODUCTS_DIR; };
/* End PBXFileReference section */

/* Begin PBXFrameworksBuildPhase section */
		281111831979183C000A72D7 /* Frameworks */ = {
			isa = PBXFrameworksBuildPhase;
			buildActionMask = 2147483647;
			files = (
				83A93C91E0F34B08851EE991 /* libPods.a in Frameworks */,
			);
			runOnlyForDeploymentPostprocessing = 0;
		};
		2811119C1979183D000A72D7 /* Frameworks */ = {
			isa = PBXFrameworksBuildPhase;
			buildActionMask = 2147483647;
			files = (
			);
			runOnlyForDeploymentPostprocessing = 0;
		};
/* End PBXFrameworksBuildPhase section */

/* Begin PBXGroup section */
		280FB68C1980D65100C434A8 /* Common */ = {
			isa = PBXGroup;
			children = (
				280FB68D1980D66800C434A8 /* LCYCommon.h */,
				280FB68E1980D66800C434A8 /* LCYCommon.m */,
			);
			path = Common;
			sourceTree = "<group>";
		};
		2811117D1979183C000A72D7 = {
			isa = PBXGroup;
			children = (
				281111881979183C000A72D7 /* YouBaoOC */,
				281111A21979183D000A72D7 /* YouBaoOCTests */,
				281111871979183C000A72D7 /* Products */,
				75673EC2383043228793768F /* Pods.xcconfig */,
				D404DB6CB11C422DA2E6FB61 /* Frameworks */,
			);
			sourceTree = "<group>";
		};
		281111871979183C000A72D7 /* Products */ = {
			isa = PBXGroup;
			children = (
				281111861979183C000A72D7 /* YouBaoOC.app */,
				2811119F1979183D000A72D7 /* YouBaoOCTests.xctest */,
			);
			name = Products;
			sourceTree = "<group>";
		};
		281111881979183C000A72D7 /* YouBaoOC */ = {
			isa = PBXGroup;
			children = (
				2832DC601980EFA9004BBAB5 /* RegisterAndLogin */,
				280FB68C1980D65100C434A8 /* Common */,
				2811118D1979183C000A72D7 /* AppDelegate.h */,
				2811118E1979183C000A72D7 /* AppDelegate.m */,
				281111961979183D000A72D7 /* Main.storyboard */,
				280FB6921980E34E00C434A8 /* RegisterAndLogin.storyboard */,
				281111991979183D000A72D7 /* Images.xcassets */,
				281111901979183C000A72D7 /* YouBaoOC.xcdatamodeld */,
				281111891979183C000A72D7 /* Supporting Files */,
			);
			path = YouBaoOC;
			sourceTree = "<group>";
		};
		281111891979183C000A72D7 /* Supporting Files */ = {
			isa = PBXGroup;
			children = (
				2811118A1979183C000A72D7 /* Info.plist */,
				2811118B1979183C000A72D7 /* main.m */,
				280FB6911980DA7400C434A8 /* YouBaoOC-Prefix.pch */,
			);
			name = "Supporting Files";
			sourceTree = "<group>";
		};
		281111A21979183D000A72D7 /* YouBaoOCTests */ = {
			isa = PBXGroup;
			children = (
				281111A51979183D000A72D7 /* YouBaoOCTests.m */,
				281111A31979183D000A72D7 /* Supporting Files */,
			);
			path = YouBaoOCTests;
			sourceTree = "<group>";
		};
		281111A31979183D000A72D7 /* Supporting Files */ = {
			isa = PBXGroup;
			children = (
				281111A41979183D000A72D7 /* Info.plist */,
			);
			name = "Supporting Files";
			sourceTree = "<group>";
		};
		2832DC601980EFA9004BBAB5 /* RegisterAndLogin */ = {
			isa = PBXGroup;
			children = (
				2832DC611980EFCE004BBAB5 /* RegisterAndLoginViewController.h */,
				2832DC621980EFCE004BBAB5 /* RegisterAndLoginViewController.m */,
				2832DC641980F00C004BBAB5 /* WelcomeViewController.h */,
				2832DC651980F00C004BBAB5 /* WelcomeViewController.m */,
			);
			path = RegisterAndLogin;
			sourceTree = "<group>";
		};
		D404DB6CB11C422DA2E6FB61 /* Frameworks */ = {
			isa = PBXGroup;
			children = (
				CEF990BC1DD24D8D89234D90 /* libPods.a */,
			);
			name = Frameworks;
			sourceTree = "<group>";
		};
/* End PBXGroup section */

/* Begin PBXNativeTarget section */
		281111851979183C000A72D7 /* YouBaoOC */ = {
			isa = PBXNativeTarget;
			buildConfigurationList = 281111A91979183D000A72D7 /* Build configuration list for PBXNativeTarget "YouBaoOC" */;
			buildPhases = (
				C221E4497DE048AEAD245FFF /* Check Pods Manifest.lock */,
				281111821979183C000A72D7 /* Sources */,
				281111831979183C000A72D7 /* Frameworks */,
				281111841979183C000A72D7 /* Resources */,
				DCE68F77FCC7487EA7B52E0D /* Copy Pods Resources */,
			);
			buildRules = (
			);
			dependencies = (
			);
			name = YouBaoOC;
			productName = YouBaoOC;
			productReference = 281111861979183C000A72D7 /* YouBaoOC.app */;
			productType = "com.apple.product-type.application";
		};
		2811119E1979183D000A72D7 /* YouBaoOCTests */ = {
			isa = PBXNativeTarget;
			buildConfigurationList = 281111AC1979183D000A72D7 /* Build configuration list for PBXNativeTarget "YouBaoOCTests" */;
			buildPhases = (
				2811119B1979183D000A72D7 /* Sources */,
				2811119C1979183D000A72D7 /* Frameworks */,
				2811119D1979183D000A72D7 /* Resources */,
			);
			buildRules = (
			);
			dependencies = (
				281111A11979183D000A72D7 /* PBXTargetDependency */,
			);
			name = YouBaoOCTests;
			productName = YouBaoOCTests;
			productReference = 2811119F1979183D000A72D7 /* YouBaoOCTests.xctest */;
			productType = "com.apple.product-type.bundle.unit-test";
		};
/* End PBXNativeTarget section */

/* Begin PBXProject section */
		2811117E1979183C000A72D7 /* Project object */ = {
			isa = PBXProject;
			attributes = {
				LastUpgradeCheck = 0600;
				ORGANIZATIONNAME = Duostec;
				TargetAttributes = {
					281111851979183C000A72D7 = {
						CreatedOnToolsVersion = 6.0;
						DevelopmentTeam = ER62D3UHDE;
					};
					2811119E1979183D000A72D7 = {
						CreatedOnToolsVersion = 6.0;
						TestTargetID = 281111851979183C000A72D7;
					};
				};
			};
			buildConfigurationList = 281111811979183C000A72D7 /* Build configuration list for PBXProject "YouBaoOC" */;
			compatibilityVersion = "Xcode 3.2";
			developmentRegion = English;
			hasScannedForEncodings = 0;
			knownRegions = (
				en,
				Base,
			);
			mainGroup = 2811117D1979183C000A72D7;
			productRefGroup = 281111871979183C000A72D7 /* Products */;
			projectDirPath = "";
			projectRoot = "";
			targets = (
				281111851979183C000A72D7 /* YouBaoOC */,
				2811119E1979183D000A72D7 /* YouBaoOCTests */,
			);
		};
/* End PBXProject section */

/* Begin PBXResourcesBuildPhase section */
		281111841979183C000A72D7 /* Resources */ = {
			isa = PBXResourcesBuildPhase;
			buildActionMask = 2147483647;
			files = (
				281111981979183D000A72D7 /* Main.storyboard in Resources */,
				280FB6931980E34E00C434A8 /* RegisterAndLogin.storyboard in Resources */,
				2811119A1979183D000A72D7 /* Images.xcassets in Resources */,
			);
			runOnlyForDeploymentPostprocessing = 0;
		};
		2811119D1979183D000A72D7 /* Resources */ = {
			isa = PBXResourcesBuildPhase;
			buildActionMask = 2147483647;
			files = (
			);
			runOnlyForDeploymentPostprocessing = 0;
		};
/* End PBXResourcesBuildPhase section */

/* Begin PBXShellScriptBuildPhase section */
		C221E4497DE048AEAD245FFF /* Check Pods Manifest.lock */ = {
			isa = PBXShellScriptBuildPhase;
			buildActionMask = 2147483647;
			files = (
			);
			inputPaths = (
			);
			name = "Check Pods Manifest.lock";
			outputPaths = (
			);
			runOnlyForDeploymentPostprocessing = 0;
			shellPath = /bin/sh;
			shellScript = "diff \"${PODS_ROOT}/../Podfile.lock\" \"${PODS_ROOT}/Manifest.lock\" > /dev/null\nif [[ $? != 0 ]] ; then\n    cat << EOM\nerror: The sandbox is not in sync with the Podfile.lock. Run 'pod install' or update your CocoaPods installation.\nEOM\n    exit 1\nfi\n";
			showEnvVarsInLog = 0;
		};
		DCE68F77FCC7487EA7B52E0D /* Copy Pods Resources */ = {
			isa = PBXShellScriptBuildPhase;
			buildActionMask = 2147483647;
			files = (
			);
			inputPaths = (
			);
			name = "Copy Pods Resources";
			outputPaths = (
			);
			runOnlyForDeploymentPostprocessing = 0;
			shellPath = /bin/sh;
			shellScript = "\"${SRCROOT}/Pods/Pods-resources.sh\"\n";
			showEnvVarsInLog = 0;
		};
/* End PBXShellScriptBuildPhase section */

/* Begin PBXSourcesBuildPhase section */
		281111821979183C000A72D7 /* Sources */ = {
			isa = PBXSourcesBuildPhase;
			buildActionMask = 2147483647;
			files = (
				281111921979183C000A72D7 /* YouBaoOC.xcdatamodeld in Sources */,
				2811118F1979183C000A72D7 /* AppDelegate.m in Sources */,
				2811118C1979183C000A72D7 /* main.m in Sources */,
				280FB68F1980D66C00C434A8 /* LCYCommon.m in Sources */,
				2832DC631980EFCE004BBAB5 /* RegisterAndLoginViewController.m in Sources */,
				2832DC661980F00C004BBAB5 /* WelcomeViewController.m in Sources */,
			);
			runOnlyForDeploymentPostprocessing = 0;
		};
		2811119B1979183D000A72D7 /* Sources */ = {
			isa = PBXSourcesBuildPhase;
			buildActionMask = 2147483647;
			files = (
				281111A61979183D000A72D7 /* YouBaoOCTests.m in Sources */,
			);
			runOnlyForDeploymentPostprocessing = 0;
		};
/* End PBXSourcesBuildPhase section */

/* Begin PBXTargetDependency section */
		281111A11979183D000A72D7 /* PBXTargetDependency */ = {
			isa = PBXTargetDependency;
			target = 281111851979183C000A72D7 /* YouBaoOC */;
			targetProxy = 281111A01979183D000A72D7 /* PBXContainerItemProxy */;
		};
/* End PBXTargetDependency section */

/* Begin PBXVariantGroup section */
		281111961979183D000A72D7 /* Main.storyboard */ = {
			isa = PBXVariantGroup;
			children = (
				281111971979183D000A72D7 /* Base */,
			);
			name = Main.storyboard;
			sourceTree = "<group>";
		};
/* End PBXVariantGroup section */

/* Begin XCBuildConfiguration section */
		281111A71979183D000A72D7 /* Debug */ = {
			isa = XCBuildConfiguration;
			buildSettings = {
				ALWAYS_SEARCH_USER_PATHS = NO;
				CLANG_CXX_LANGUAGE_STANDARD = "gnu++0x";
				CLANG_CXX_LIBRARY = "libc++";
				CLANG_ENABLE_MODULES = YES;
				CLANG_ENABLE_OBJC_ARC = YES;
				CLANG_WARN_BOOL_CONVERSION = YES;
				CLANG_WARN_CONSTANT_CONVERSION = YES;
				CLANG_WARN_DIRECT_OBJC_ISA_USAGE = YES_ERROR;
				CLANG_WARN_EMPTY_BODY = YES;
				CLANG_WARN_ENUM_CONVERSION = YES;
				CLANG_WARN_INT_CONVERSION = YES;
				CLANG_WARN_OBJC_ROOT_CLASS = YES_ERROR;
				CLANG_WARN_UNREACHABLE_CODE = YES;
				CLANG_WARN__DUPLICATE_METHOD_MATCH = YES;
				"CODE_SIGN_IDENTITY[sdk=iphoneos*]" = "iPhone Developer";
				COPY_PHASE_STRIP = NO;
				ENABLE_STRICT_OBJC_MSGSEND = YES;
				GCC_C_LANGUAGE_STANDARD = gnu99;
				GCC_DYNAMIC_NO_PIC = NO;
				GCC_OPTIMIZATION_LEVEL = 0;
				GCC_PREPROCESSOR_DEFINITIONS = (
					"DEBUG=1",
					"$(inherited)",
				);
				GCC_SYMBOLS_PRIVATE_EXTERN = NO;
				GCC_WARN_64_TO_32_BIT_CONVERSION = YES;
				GCC_WARN_ABOUT_RETURN_TYPE = YES_ERROR;
				GCC_WARN_UNDECLARED_SELECTOR = YES;
				GCC_WARN_UNINITIALIZED_AUTOS = YES_AGGRESSIVE;
				GCC_WARN_UNUSED_FUNCTION = YES;
				GCC_WARN_UNUSED_VARIABLE = YES;
				IPHONEOS_DEPLOYMENT_TARGET = 8.0;
				MTL_ENABLE_DEBUG_INFO = YES;
				ONLY_ACTIVE_ARCH = YES;
				SDKROOT = iphoneos;
			};
			name = Debug;
		};
		281111A81979183D000A72D7 /* Release */ = {
			isa = XCBuildConfiguration;
			buildSettings = {
				ALWAYS_SEARCH_USER_PATHS = NO;
				CLANG_CXX_LANGUAGE_STANDARD = "gnu++0x";
				CLANG_CXX_LIBRARY = "libc++";
				CLANG_ENABLE_MODULES = YES;
				CLANG_ENABLE_OBJC_ARC = YES;
				CLANG_WARN_BOOL_CONVERSION = YES;
				CLANG_WARN_CONSTANT_CONVERSION = YES;
				CLANG_WARN_DIRECT_OBJC_ISA_USAGE = YES_ERROR;
				CLANG_WARN_EMPTY_BODY = YES;
				CLANG_WARN_ENUM_CONVERSION = YES;
				CLANG_WARN_INT_CONVERSION = YES;
				CLANG_WARN_OBJC_ROOT_CLASS = YES_ERROR;
				CLANG_WARN_UNREACHABLE_CODE = YES;
				CLANG_WARN__DUPLICATE_METHOD_MATCH = YES;
				"CODE_SIGN_IDENTITY[sdk=iphoneos*]" = "iPhone Developer";
				COPY_PHASE_STRIP = YES;
				ENABLE_NS_ASSERTIONS = NO;
				ENABLE_STRICT_OBJC_MSGSEND = YES;
				GCC_C_LANGUAGE_STANDARD = gnu99;
				GCC_WARN_64_TO_32_BIT_CONVERSION = YES;
				GCC_WARN_ABOUT_RETURN_TYPE = YES_ERROR;
				GCC_WARN_UNDECLARED_SELECTOR = YES;
				GCC_WARN_UNINITIALIZED_AUTOS = YES_AGGRESSIVE;
				GCC_WARN_UNUSED_FUNCTION = YES;
				GCC_WARN_UNUSED_VARIABLE = YES;
				IPHONEOS_DEPLOYMENT_TARGET = 8.0;
				MTL_ENABLE_DEBUG_INFO = NO;
				SDKROOT = iphoneos;
				VALIDATE_PRODUCT = YES;
			};
			name = Release;
		};
		281111AA1979183D000A72D7 /* Debug */ = {
			isa = XCBuildConfiguration;
			baseConfigurationReference = 75673EC2383043228793768F /* Pods.xcconfig */;
			buildSettings = {
				ASSETCATALOG_COMPILER_APPICON_NAME = AppIcon;
				ASSETCATALOG_COMPILER_LAUNCHIMAGE_NAME = LaunchImage;
				CODE_SIGN_IDENTITY = "iPhone Developer";
				"CODE_SIGN_IDENTITY[sdk=iphoneos*]" = "iPhone Developer";
				GCC_PRECOMPILE_PREFIX_HEADER = YES;
				GCC_PREFIX_HEADER = "YouBaoOC/YouBaoOC-Prefix.pch";
				INFOPLIST_FILE = YouBaoOC/Info.plist;
				IPHONEOS_DEPLOYMENT_TARGET = 7.0;
				LD_RUNPATH_SEARCH_PATHS = "$(inherited) @executable_path/Frameworks";
				PRODUCT_NAME = "$(TARGET_NAME)";
				PROVISIONING_PROFILE = "";
			};
			name = Debug;
		};
		281111AB1979183D000A72D7 /* Release */ = {
			isa = XCBuildConfiguration;
			baseConfigurationReference = 75673EC2383043228793768F /* Pods.xcconfig */;
			buildSettings = {
				ASSETCATALOG_COMPILER_APPICON_NAME = AppIcon;
				ASSETCATALOG_COMPILER_LAUNCHIMAGE_NAME = LaunchImage;
				CODE_SIGN_IDENTITY = "iPhone Developer";
				"CODE_SIGN_IDENTITY[sdk=iphoneos*]" = "iPhone Developer";
				GCC_PRECOMPILE_PREFIX_HEADER = YES;
				GCC_PREFIX_HEADER = "YouBaoOC/YouBaoOC-Prefix.pch";
				INFOPLIST_FILE = YouBaoOC/Info.plist;
				IPHONEOS_DEPLOYMENT_TARGET = 7.0;
				LD_RUNPATH_SEARCH_PATHS = "$(inherited) @executable_path/Frameworks";
				PRODUCT_NAME = "$(TARGET_NAME)";
				PROVISIONING_PROFILE = "";
			};
			name = Release;
		};
		281111AD1979183D000A72D7 /* Debug */ = {
			isa = XCBuildConfiguration;
			buildSettings = {
				BUNDLE_LOADER = "$(BUILT_PRODUCTS_DIR)/YouBaoOC.app/YouBaoOC";
				FRAMEWORK_SEARCH_PATHS = (
					"$(SDKROOT)/Developer/Library/Frameworks",
					"$(inherited)",
				);
				GCC_PREPROCESSOR_DEFINITIONS = (
					"DEBUG=1",
					"$(inherited)",
				);
				INFOPLIST_FILE = YouBaoOCTests/Info.plist;
				LD_RUNPATH_SEARCH_PATHS = "$(inherited) @executable_path/Frameworks @loader_path/Frameworks";
				PRODUCT_NAME = "$(TARGET_NAME)";
				TEST_HOST = "$(BUNDLE_LOADER)";
			};
			name = Debug;
		};
		281111AE1979183D000A72D7 /* Release */ = {
			isa = XCBuildConfiguration;
			buildSettings = {
				BUNDLE_LOADER = "$(BUILT_PRODUCTS_DIR)/YouBaoOC.app/YouBaoOC";
				FRAMEWORK_SEARCH_PATHS = (
					"$(SDKROOT)/Developer/Library/Frameworks",
					"$(inherited)",
				);
				INFOPLIST_FILE = YouBaoOCTests/Info.plist;
				LD_RUNPATH_SEARCH_PATHS = "$(inherited) @executable_path/Frameworks @loader_path/Frameworks";
				PRODUCT_NAME = "$(TARGET_NAME)";
				TEST_HOST = "$(BUNDLE_LOADER)";
			};
			name = Release;
		};
/* End XCBuildConfiguration section */

/* Begin XCConfigurationList section */
		281111811979183C000A72D7 /* Build configuration list for PBXProject "YouBaoOC" */ = {
			isa = XCConfigurationList;
			buildConfigurations = (
				281111A71979183D000A72D7 /* Debug */,
				281111A81979183D000A72D7 /* Release */,
			);
			defaultConfigurationIsVisible = 0;
			defaultConfigurationName = Release;
		};
		281111A91979183D000A72D7 /* Build configuration list for PBXNativeTarget "YouBaoOC" */ = {
			isa = XCConfigurationList;
			buildConfigurations = (
				281111AA1979183D000A72D7 /* Debug */,
				281111AB1979183D000A72D7 /* Release */,
			);
			defaultConfigurationIsVisible = 0;
			defaultConfigurationName = Release;
		};
		281111AC1979183D000A72D7 /* Build configuration list for PBXNativeTarget "YouBaoOCTests" */ = {
			isa = XCConfigurationList;
			buildConfigurations = (
				281111AD1979183D000A72D7 /* Debug */,
				281111AE1979183D000A72D7 /* Release */,
			);
			defaultConfigurationIsVisible = 0;
			defaultConfigurationName = Release;
		};
/* End XCConfigurationList section */

/* Begin XCVersionGroup section */
		281111901979183C000A72D7 /* YouBaoOC.xcdatamodeld */ = {
			isa = XCVersionGroup;
			children = (
				281111911979183C000A72D7 /* YouBaoOC.xcdatamodel */,
			);
			currentVersion = 281111911979183C000A72D7 /* YouBaoOC.xcdatamodel */;
			path = YouBaoOC.xcdatamodeld;
			sourceTree = "<group>";
			versionGroupType = wrapper.xcdatamodel;
		};
/* End XCVersionGroup section */
	};
	rootObject = 2811117E1979183C000A72D7 /* Project object */;
}
